
Microsoft Visual Studio Solution File, Format Version 12.00
# Visual Studio Version 17
VisualStudioVersion = 17.9.34607.119
MinimumVisualStudioVersion = 10.0.40219.1
Project("{9A19103F-16F7-4668-BE54-9A1E7A4F7556}") = "Text_to_Image", "Text_to_Image.csproj", "{A14E62E6-F38F-4B3E-89C3-404526F06C88}"
EndProject
Project("{FAE04EC0-301F-11D3-BF4B-00C04F79EFBC}") = "Feature", "..\Feature\Feature.csproj", "{2C929824-0EF6-41ED-B397-F8BDEA51EEBB}"
EndProject
Global
	GlobalSection(SolutionConfigurationPlatforms) = preSolution
		Debug|Any CPU = Debug|Any CPU
		Release|Any CPU = Release|Any CPU
	EndGlobalSection
	GlobalSection(ProjectConfigurationPlatforms) = postSolution
		{A14E62E6-F38F-4B3E-89C3-404526F06C88}.Debug|Any CPU.ActiveCfg = Debug|Any CPU
		{A14E62E6-F38F-4B3E-89C3-404526F06C88}.Debug|Any CPU.Build.0 = Debug|Any CPU
		{A14E62E6-F38F-4B3E-89C3-404526F06C88}.Release|Any CPU.ActiveCfg = Release|Any CPU
		{A14E62E6-F38F-4B3E-89C3-404526F06C88}.Release|Any CPU.Build.0 = Release|Any CPU
		{2C929824-0EF6-41ED-B397-F8BDEA51EEBB}.Debug|Any CPU.ActiveCfg = Debug|Any CPU
		{2C929824-0EF6-41ED-B397-F8BDEA51EEBB}.Debug|Any CPU.Build.0 = Debug|Any CPU
		{2C929824-0EF6-41ED-B397-F8BDEA51EEBB}.Release|Any CPU.ActiveCfg = Release|Any CPU
		{2C929824-0EF6-41ED-B397-F8BDEA51EEBB}.Release|Any CPU.Build.0 = Release|Any CPU
	EndGlobalSection
	GlobalSection(SolutionProperties) = preSolution
		HideSolutionNode = FALSE
	EndGlobalSection
	GlobalSection(ExtensibilityGlobals) = postSolution
		SolutionGuid = {3AC72AAB-2BAE-4F79-8C3C-6DBA2200A40D}
	EndGlobalSection
EndGlobal
